
Microsoft Visual Studio Solution File, Format Version 12.00
# Visual Studio 15
VisualStudioVersion = 15.0.26730.12
MinimumVisualStudioVersion = 10.0.40219.1
Project("{9A19103F-16F7-4668-BE54-9A1E7A4F7556}") = "JezekT.AspNetCore.Bootstrap.Datepicker", "JezekT.AspNetCore.Bootstrap.Datepicker.csproj", "{B562FBF9-A96D-4A5C-B2A7-44D188FAB006}"
EndProject
Global
	GlobalSection(SolutionConfigurationPlatforms) = preSolution
		Debug|Any CPU = Debug|Any CPU
		Release|Any CPU = Release|Any CPU
	EndGlobalSection
	GlobalSection(ProjectConfigurationPlatforms) = postSolution
		{B562FBF9-A96D-4A5C-B2A7-44D188FAB006}.Debug|Any CPU.ActiveCfg = Debug|Any CPU
		{B562FBF9-A96D-4A5C-B2A7-44D188FAB006}.Debug|Any CPU.Build.0 = Debug|Any CPU
		{B562FBF9-A96D-4A5C-B2A7-44D188FAB006}.Release|Any CPU.ActiveCfg = Release|Any CPU
		{B562FBF9-A96D-4A5C-B2A7-44D188FAB006}.Release|Any CPU.Build.0 = Release|Any CPU
	EndGlobalSection
	GlobalSection(SolutionProperties) = preSolution
		HideSolutionNode = FALSE
	EndGlobalSection
	GlobalSection(ExtensibilityGlobals) = postSolution
		SolutionGuid = {6ECDA11F-6756-48F9-B5C0-0CDE59B2013B}
	EndGlobalSection
EndGlobal
